// !$*UTF8*$!
{
	archiveVersion = 1;
	classes = {
	};
	objectVersion = 56;
	objects = {

/* Begin PBXBuildFile section */
		FE87A2272AFCD62400DC3F47 /* CleanSwiftUIApp.swift in Sources */ = {isa = PBXBuildFile; fileRef = FE87A2262AFCD62400DC3F47 /* CleanSwiftUIApp.swift */; };
		FE87A2292AFCD62400DC3F47 /* ContentView.swift in Sources */ = {isa = PBXBuildFile; fileRef = FE87A2282AFCD62400DC3F47 /* ContentView.swift */; };
		FE87A22B2AFCD62600DC3F47 /* Assets.xcassets in Resources */ = {isa = PBXBuildFile; fileRef = FE87A22A2AFCD62600DC3F47 /* Assets.xcassets */; };
		FE87A22E2AFCD62600DC3F47 /* Preview Assets.xcassets in Resources */ = {isa = PBXBuildFile; fileRef = FE87A22D2AFCD62600DC3F47 /* Preview Assets.xcassets */; };
		FE87A2382AFCD62600DC3F47 /* CleanSwiftUITests.swift in Sources */ = {isa = PBXBuildFile; fileRef = FE87A2372AFCD62600DC3F47 /* CleanSwiftUITests.swift */; };
		FE87A2422AFCD62600DC3F47 /* CleanSwiftUIUITests.swift in Sources */ = {isa = PBXBuildFile; fileRef = FE87A2412AFCD62600DC3F47 /* CleanSwiftUIUITests.swift */; };
		FE87A2442AFCD62600DC3F47 /* CleanSwiftUIUITestsLaunchTests.swift in Sources */ = {isa = PBXBuildFile; fileRef = FE87A2432AFCD62600DC3F47 /* CleanSwiftUIUITestsLaunchTests.swift */; };
/* End PBXBuildFile section */

/* Begin PBXContainerItemProxy section */
		FE87A2342AFCD62600DC3F47 /* PBXContainerItemProxy */ = {
			isa = PBXContainerItemProxy;
			containerPortal = FE87A21B2AFCD62400DC3F47 /* Project object */;
			proxyType = 1;
			remoteGlobalIDString = FE87A2222AFCD62400DC3F47;
			remoteInfo = CleanSwiftUI;
		};
		FE87A23E2AFCD62600DC3F47 /* PBXContainerItemProxy */ = {
			isa = PBXContainerItemProxy;
			containerPortal = FE87A21B2AFCD62400DC3F47 /* Project object */;
			proxyType = 1;
			remoteGlobalIDString = FE87A2222AFCD62400DC3F47;
			remoteInfo = CleanSwiftUI;
		};
/* End PBXContainerItemProxy section */

/* Begin PBXFileReference section */
		FE87A2232AFCD62400DC3F47 /* CleanSwiftUI.app */ = {isa = PBXFileReference; explicitFileType = wrapper.application; includeInIndex = 0; path = CleanSwiftUI.app; sourceTree = BUILT_PRODUCTS_DIR; };
		FE87A2262AFCD62400DC3F47 /* CleanSwiftUIApp.swift */ = {isa = PBXFileReference; lastKnownFileType = sourcecode.swift; path = CleanSwiftUIApp.swift; sourceTree = "<group>"; };
		FE87A2282AFCD62400DC3F47 /* ContentView.swift */ = {isa = PBXFileReference; lastKnownFileType = sourcecode.swift; path = ContentView.swift; sourceTree = "<group>"; };
		FE87A22A2AFCD62600DC3F47 /* Assets.xcassets */ = {isa = PBXFileReference; lastKnownFileType = folder.assetcatalog; path = Assets.xcassets; sourceTree = "<group>"; };
		FE87A22D2AFCD62600DC3F47 /* Preview Assets.xcassets */ = {isa = PBXFileReference; lastKnownFileType = folder.assetcatalog; path = "Preview Assets.xcassets"; sourceTree = "<group>"; };
		FE87A2332AFCD62600DC3F47 /* CleanSwiftUITests.xctest */ = {isa = PBXFileReference; explicitFileType = wrapper.cfbundle; includeInIndex = 0; path = CleanSwiftUITests.xctest; sourceTree = BUILT_PRODUCTS_DIR; };
		FE87A2372AFCD62600DC3F47 /* CleanSwiftUITests.swift */ = {isa = PBXFileReference; lastKnownFileType = sourcecode.swift; path = CleanSwiftUITests.swift; sourceTree = "<group>"; };
		FE87A23D2AFCD62600DC3F47 /* CleanSwiftUIUITests.xctest */ = {isa = PBXFileReference; explicitFileType = wrapper.cfbundle; includeInIndex = 0; path = CleanSwiftUIUITests.xctest; sourceTree = BUILT_PRODUCTS_DIR; };
		FE87A2412AFCD62600DC3F47 /* CleanSwiftUIUITests.swift */ = {isa = PBXFileReference; lastKnownFileType = sourcecode.swift; path = CleanSwiftUIUITests.swift; sourceTree = "<group>"; };
		FE87A2432AFCD62600DC3F47 /* CleanSwiftUIUITestsLaunchTests.swift */ = {isa = PBXFileReference; lastKnownFileType = sourcecode.swift; path = CleanSwiftUIUITestsLaunchTests.swift; sourceTree = "<group>"; };
/* End PBXFileReference section */

/* Begin PBXFrameworksBuildPhase section */
		FE87A2202AFCD62400DC3F47 /* Frameworks */ = {
			isa = PBXFrameworksBuildPhase;
			buildActionMask = 2147483647;
			files = (
			);
			runOnlyForDeploymentPostprocessing = 0;
		};
		FE87A2302AFCD62600DC3F47 /* Frameworks */ = {
			isa = PBXFrameworksBuildPhase;
			buildActionMask = 2147483647;
			files = (
			);
			runOnlyForDeploymentPostprocessing = 0;
		};
		FE87A23A2AFCD62600DC3F47 /* Frameworks */ = {
			isa = PBXFrameworksBuildPhase;
			buildActionMask = 2147483647;
			files = (
			);
			runOnlyForDeploymentPostprocessing = 0;
		};
/* End PBXFrameworksBuildPhase section */

/* Begin PBXGroup section */
		FE87A21A2AFCD62400DC3F47 = {
			isa = PBXGroup;
			children = (
				FE87A2252AFCD62400DC3F47 /* CleanSwiftUI */,
				FE87A2362AFCD62600DC3F47 /* CleanSwiftUITests */,
				FE87A2402AFCD62600DC3F47 /* CleanSwiftUIUITests */,
				FE87A2242AFCD62400DC3F47 /* Products */,
			);
			sourceTree = "<group>";
		};
		FE87A2242AFCD62400DC3F47 /* Products */ = {
			isa = PBXGroup;
			children = (
				FE87A2232AFCD62400DC3F47 /* CleanSwiftUI.app */,
				FE87A2332AFCD62600DC3F47 /* CleanSwiftUITests.xctest */,
				FE87A23D2AFCD62600DC3F47 /* CleanSwiftUIUITests.xctest */,
			);
			name = Products;
			sourceTree = "<group>";
		};
		FE87A2252AFCD62400DC3F47 /* CleanSwiftUI */ = {
			isa = PBXGroup;
			children = (
				FE87A2262AFCD62400DC3F47 /* CleanSwiftUIApp.swift */,
				FE87A2282AFCD62400DC3F47 /* ContentView.swift */,
				FE87A22A2AFCD62600DC3F47 /* Assets.xcassets */,
				FE87A22C2AFCD62600DC3F47 /* Preview Content */,
			);
			path = CleanSwiftUI;
			sourceTree = "<group>";
		};
		FE87A22C2AFCD62600DC3F47 /* Preview Content */ = {
			isa = PBXGroup;
			children = (
				FE87A22D2AFCD62600DC3F47 /* Preview Assets.xcassets */,
			);
			path = "Preview Content";
			sourceTree = "<group>";
		};
		FE87A2362AFCD62600DC3F47 /* CleanSwiftUITests */ = {
			isa = PBXGroup;
			children = (
				FE87A2372AFCD62600DC3F47 /* CleanSwiftUITests.swift */,
			);
			path = CleanSwiftUITests;
			sourceTree = "<group>";
		};
		FE87A2402AFCD62600DC3F47 /* CleanSwiftUIUITests */ = {
			isa = PBXGroup;
			children = (
				FE87A2412AFCD62600DC3F47 /* CleanSwiftUIUITests.swift */,
				FE87A2432AFCD62600DC3F47 /* CleanSwiftUIUITestsLaunchTests.swift */,
			);
			path = CleanSwiftUIUITests;
			sourceTree = "<group>";
		};
/* End PBXGroup section */

/* Begin PBXNativeTarget section */
		FE87A2222AFCD62400DC3F47 /* CleanSwiftUI */ = {
			isa = PBXNativeTarget;
			buildConfigurationList = FE87A2472AFCD62600DC3F47 /* Build configuration list for PBXNativeTarget "CleanSwiftUI" */;
			buildPhases = (
				FE87A21F2AFCD62400DC3F47 /* Sources */,
				FE87A2202AFCD62400DC3F47 /* Frameworks */,
				FE87A2212AFCD62400DC3F47 /* Resources */,
			);
			buildRules = (
			);
			dependencies = (
			);
			name = CleanSwiftUI;
			productName = CleanSwiftUI;
			productReference = FE87A2232AFCD62400DC3F47 /* CleanSwiftUI.app */;
			productType = "com.apple.product-type.application";
		};
		FE87A2322AFCD62600DC3F47 /* CleanSwiftUITests */ = {
			isa = PBXNativeTarget;
			buildConfigurationList = FE87A24A2AFCD62600DC3F47 /* Build configuration list for PBXNativeTarget "CleanSwiftUITests" */;
			buildPhases = (
				FE87A22F2AFCD62600DC3F47 /* Sources */,
				FE87A2302AFCD62600DC3F47 /* Frameworks */,
				FE87A2312AFCD62600DC3F47 /* Resources */,
			);
			buildRules = (
			);
			dependencies = (
				FE87A2352AFCD62600DC3F47 /* PBXTargetDependency */,
			);
			name = CleanSwiftUITests;
			productName = CleanSwiftUITests;
			productReference = FE87A2332AFCD62600DC3F47 /* CleanSwiftUITests.xctest */;
			productType = "com.apple.product-type.bundle.unit-test";
		};
		FE87A23C2AFCD62600DC3F47 /* CleanSwiftUIUITests */ = {
			isa = PBXNativeTarget;
			buildConfigurationList = FE87A24D2AFCD62600DC3F47 /* Build configuration list for PBXNativeTarget "CleanSwiftUIUITests" */;
			buildPhases = (
				FE87A2392AFCD62600DC3F47 /* Sources */,
				FE87A23A2AFCD62600DC3F47 /* Frameworks */,
				FE87A23B2AFCD62600DC3F47 /* Resources */,
			);
			buildRules = (
			);
			dependencies = (
				FE87A23F2AFCD62600DC3F47 /* PBXTargetDependency */,
			);
			name = CleanSwiftUIUITests;
			productName = CleanSwiftUIUITests;
			productReference = FE87A23D2AFCD62600DC3F47 /* CleanSwiftUIUITests.xctest */;
			productType = "com.apple.product-type.bundle.ui-testing";
		};
/* End PBXNativeTarget section */

/* Begin PBXProject section */
		FE87A21B2AFCD62400DC3F47 /* Project object */ = {
			isa = PBXProject;
			attributes = {
				BuildIndependentTargetsInParallel = 1;
				LastSwiftUpdateCheck = 1500;
				LastUpgradeCheck = 1500;
				TargetAttributes = {
					FE87A2222AFCD62400DC3F47 = {
						CreatedOnToolsVersion = 15.0;
					};
					FE87A2322AFCD62600DC3F47 = {
						CreatedOnToolsVersion = 15.0;
						TestTargetID = FE87A2222AFCD62400DC3F47;
					};
					FE87A23C2AFCD62600DC3F47 = {
						CreatedOnToolsVersion = 15.0;
						TestTargetID = FE87A2222AFCD62400DC3F47;
					};
				};
			};
			buildConfigurationList = FE87A21E2AFCD62400DC3F47 /* Build configuration list for PBXProject "CleanSwiftUI" */;
			compatibilityVersion = "Xcode 14.0";
			developmentRegion = en;
			hasScannedForEncodings = 0;
			knownRegions = (
				en,
				Base,
			);
			mainGroup = FE87A21A2AFCD62400DC3F47;
			productRefGroup = FE87A2242AFCD62400DC3F47 /* Products */;
			projectDirPath = "";
			projectRoot = "";
			targets = (
				FE87A2222AFCD62400DC3F47 /* CleanSwiftUI */,
				FE87A2322AFCD62600DC3F47 /* CleanSwiftUITests */,
				FE87A23C2AFCD62600DC3F47 /* CleanSwiftUIUITests */,
			);
		};
/* End PBXProject section */

/* Begin PBXResourcesBuildPhase section */
		FE87A2212AFCD62400DC3F47 /* Resources */ = {
			isa = PBXResourcesBuildPhase;
			buildActionMask = 2147483647;
			files = (
				FE87A22E2AFCD62600DC3F47 /* Preview Assets.xcassets in Resources */,
				FE87A22B2AFCD62600DC3F47 /* Assets.xcassets in Resources */,
			);
			runOnlyForDeploymentPostprocessing = 0;
		};
		FE87A2312AFCD62600DC3F47 /* Resources */ = {
			isa = PBXResourcesBuildPhase;
			buildActionMask = 2147483647;
			files = (
			);
			runOnlyForDeploymentPostprocessing = 0;
		};
		FE87A23B2AFCD62600DC3F47 /* Resources */ = {
			isa = PBXResourcesBuildPhase;
			buildActionMask = 2147483647;
			files = (
			);
			runOnlyForDeploymentPostprocessing = 0;
		};
/* End PBXResourcesBuildPhase section */

/* Begin PBXSourcesBuildPhase section */
		FE87A21F2AFCD62400DC3F47 /* Sources */ = {
			isa = PBXSourcesBuildPhase;
			buildActionMask = 2147483647;
			files = (
				FE87A2292AFCD62400DC3F47 /* ContentView.swift in Sources */,
				FE87A2272AFCD62400DC3F47 /* CleanSwiftUIApp.swift in Sources */,
			);
			runOnlyForDeploymentPostprocessing = 0;
		};
		FE87A22F2AFCD62600DC3F47 /* Sources */ = {
			isa = PBXSourcesBuildPhase;
			buildActionMask = 2147483647;
			files = (
				FE87A2382AFCD62600DC3F47 /* CleanSwiftUITests.swift in Sources */,
			);
			runOnlyForDeploymentPostprocessing = 0;
		};
		FE87A2392AFCD62600DC3F47 /* Sources */ = {
			isa = PBXSourcesBuildPhase;
			buildActionMask = 2147483647;
			files = (
				FE87A2442AFCD62600DC3F47 /* CleanSwiftUIUITestsLaunchTests.swift in Sources */,
				FE87A2422AFCD62600DC3F47 /* CleanSwiftUIUITests.swift in Sources */,
			);
			runOnlyForDeploymentPostprocessing = 0;
		};
/* End PBXSourcesBuildPhase section */

/* Begin PBXTargetDependency section */
		FE87A2352AFCD62600DC3F47 /* PBXTargetDependency */ = {
			isa = PBXTargetDependency;
			target = FE87A2222AFCD62400DC3F47 /* CleanSwiftUI */;
			targetProxy = FE87A2342AFCD62600DC3F47 /* PBXContainerItemProxy */;
		};
		FE87A23F2AFCD62600DC3F47 /* PBXTargetDependency */ = {
			isa = PBXTargetDependency;
			target = FE87A2222AFCD62400DC3F47 /* CleanSwiftUI */;
			targetProxy = FE87A23E2AFCD62600DC3F47 /* PBXContainerItemProxy */;
		};
/* End PBXTargetDependency section */

/* Begin XCBuildConfiguration section */
		FE87A2452AFCD62600DC3F47 /* Debug */ = {
			isa = XCBuildConfiguration;
			buildSettings = {
				ALWAYS_SEARCH_USER_PATHS = NO;
				ASSETCATALOG_COMPILER_GENERATE_SWIFT_ASSET_SYMBOL_EXTENSIONS = YES;
				CLANG_ANALYZER_NONNULL = YES;
				CLANG_ANALYZER_NUMBER_OBJECT_CONVERSION = YES_AGGRESSIVE;
				CLANG_CXX_LANGUAGE_STANDARD = "gnu++20";
				CLANG_ENABLE_MODULES = YES;
				CLANG_ENABLE_OBJC_ARC = YES;
				CLANG_ENABLE_OBJC_WEAK = YES;
				CLANG_WARN_BLOCK_CAPTURE_AUTORELEASING = YES;
				CLANG_WARN_BOOL_CONVERSION = YES;
				CLANG_WARN_COMMA = YES;
				CLANG_WARN_CONSTANT_CONVERSION = YES;
				CLANG_WARN_DEPRECATED_OBJC_IMPLEMENTATIONS = YES;
				CLANG_WARN_DIRECT_OBJC_ISA_USAGE = YES_ERROR;
				CLANG_WARN_DOCUMENTATION_COMMENTS = YES;
				CLANG_WARN_EMPTY_BODY = YES;
				CLANG_WARN_ENUM_CONVERSION = YES;
				CLANG_WARN_INFINITE_RECURSION = YES;
				CLANG_WARN_INT_CONVERSION = YES;
				CLANG_WARN_NON_LITERAL_NULL_CONVERSION = YES;
				CLANG_WARN_OBJC_IMPLICIT_RETAIN_SELF = YES;
				CLANG_WARN_OBJC_LITERAL_CONVERSION = YES;
				CLANG_WARN_OBJC_ROOT_CLASS = YES_ERROR;
				CLANG_WARN_QUOTED_INCLUDE_IN_FRAMEWORK_HEADER = YES;
				CLANG_WARN_RANGE_LOOP_ANALYSIS = YES;
				CLANG_WARN_STRICT_PROTOTYPES = YES;
				CLANG_WARN_SUSPICIOUS_MOVE = YES;
				CLANG_WARN_UNGUARDED_AVAILABILITY = YES_AGGRESSIVE;
				CLANG_WARN_UNREACHABLE_CODE = YES;
				CLANG_WARN__DUPLICATE_METHOD_MATCH = YES;
				COPY_PHASE_STRIP = NO;
				DEBUG_INFORMATION_FORMAT = dwarf;
				ENABLE_STRICT_OBJC_MSGSEND = YES;
				ENABLE_TESTABILITY = YES;
				ENABLE_USER_SCRIPT_SANDBOXING = YES;
				GCC_C_LANGUAGE_STANDARD = gnu17;
				GCC_DYNAMIC_NO_PIC = NO;
				GCC_NO_COMMON_BLOCKS = YES;
				GCC_OPTIMIZATION_LEVEL = 0;
				GCC_PREPROCESSOR_DEFINITIONS = (
					"DEBUG=1",
					"$(inherited)",
				);
				GCC_WARN_64_TO_32_BIT_CONVERSION = YES;
				GCC_WARN_ABOUT_RETURN_TYPE = YES_ERROR;
				GCC_WARN_UNDECLARED_SELECTOR = YES;
				GCC_WARN_UNINITIALIZED_AUTOS = YES_AGGRESSIVE;
				GCC_WARN_UNUSED_FUNCTION = YES;
				GCC_WARN_UNUSED_VARIABLE = YES;
				IPHONEOS_DEPLOYMENT_TARGET = 17.0;
				LOCALIZATION_PREFERS_STRING_CATALOGS = YES;
				MTL_ENABLE_DEBUG_INFO = INCLUDE_SOURCE;
				MTL_FAST_MATH = YES;
				ONLY_ACTIVE_ARCH = YES;
				SDKROOT = iphoneos;
				SWIFT_ACTIVE_COMPILATION_CONDITIONS = "DEBUG $(inherited)";
				SWIFT_OPTIMIZATION_LEVEL = "-Onone";
			};
			name = Debug;
		};
		FE87A2462AFCD62600DC3F47 /* Release */ = {
			isa = XCBuildConfiguration;
			buildSettings = {
				ALWAYS_SEARCH_USER_PATHS = NO;
				ASSETCATALOG_COMPILER_GENERATE_SWIFT_ASSET_SYMBOL_EXTENSIONS = YES;
				CLANG_ANALYZER_NONNULL = YES;
				CLANG_ANALYZER_NUMBER_OBJECT_CONVERSION = YES_AGGRESSIVE;
				CLANG_CXX_LANGUAGE_STANDARD = "gnu++20";
				CLANG_ENABLE_MODULES = YES;
				CLANG_ENABLE_OBJC_ARC = YES;
				CLANG_ENABLE_OBJC_WEAK = YES;
				CLANG_WARN_BLOCK_CAPTURE_AUTORELEASING = YES;
				CLANG_WARN_BOOL_CONVERSION = YES;
				CLANG_WARN_COMMA = YES;
				CLANG_WARN_CONSTANT_CONVERSION = YES;
				CLANG_WARN_DEPRECATED_OBJC_IMPLEMENTATIONS = YES;
				CLANG_WARN_DIRECT_OBJC_ISA_USAGE = YES_ERROR;
				CLANG_WARN_DOCUMENTATION_COMMENTS = YES;
				CLANG_WARN_EMPTY_BODY = YES;
				CLANG_WARN_ENUM_CONVERSION = YES;
				CLANG_WARN_INFINITE_RECURSION = YES;
				CLANG_WARN_INT_CONVERSION = YES;
				CLANG_WARN_NON_LITERAL_NULL_CONVERSION = YES;
				CLANG_WARN_OBJC_IMPLICIT_RETAIN_SELF = YES;
				CLANG_WARN_OBJC_LITERAL_CONVERSION = YES;
				CLANG_WARN_OBJC_ROOT_CLASS = YES_ERROR;
				CLANG_WARN_QUOTED_INCLUDE_IN_FRAMEWORK_HEADER = YES;
				CLANG_WARN_RANGE_LOOP_ANALYSIS = YES;
				CLANG_WARN_STRICT_PROTOTYPES = YES;
				CLANG_WARN_SUSPICIOUS_MOVE = YES;
				CLANG_WARN_UNGUARDED_AVAILABILITY = YES_AGGRESSIVE;
				CLANG_WARN_UNREACHABLE_CODE = YES;
				CLANG_WARN__DUPLICATE_METHOD_MATCH = YES;
				COPY_PHASE_STRIP = NO;
				DEBUG_INFORMATION_FORMAT = "dwarf-with-dsym";
				ENABLE_NS_ASSERTIONS = NO;
				ENABLE_STRICT_OBJC_MSGSEND = YES;
				ENABLE_USER_SCRIPT_SANDBOXING = YES;
				GCC_C_LANGUAGE_STANDARD = gnu17;
				GCC_NO_COMMON_BLOCKS = YES;
				GCC_WARN_64_TO_32_BIT_CONVERSION = YES;
				GCC_WARN_ABOUT_RETURN_TYPE = YES_ERROR;
				GCC_WARN_UNDECLARED_SELECTOR = YES;
				GCC_WARN_UNINITIALIZED_AUTOS = YES_AGGRESSIVE;
				GCC_WARN_UNUSED_FUNCTION = YES;
				GCC_WARN_UNUSED_VARIABLE = YES;
				IPHONEOS_DEPLOYMENT_TARGET = 17.0;
				LOCALIZATION_PREFERS_STRING_CATALOGS = YES;
				MTL_ENABLE_DEBUG_INFO = NO;
				MTL_FAST_MATH = YES;
				SDKROOT = iphoneos;
				SWIFT_COMPILATION_MODE = wholemodule;
				VALIDATE_PRODUCT = YES;
			};
			name = Release;
		};
		FE87A2482AFCD62600DC3F47 /* Debug */ = {
			isa = XCBuildConfiguration;
			buildSettings = {
				ASSETCATALOG_COMPILER_APPICON_NAME = AppIcon;
				ASSETCATALOG_COMPILER_GLOBAL_ACCENT_COLOR_NAME = AccentColor;
				CODE_SIGN_STYLE = Automatic;
				CURRENT_PROJECT_VERSION = 1;
				DEVELOPMENT_ASSET_PATHS = "\"CleanSwiftUI/Preview Content\"";
				DEVELOPMENT_TEAM = L7WK77VYXN;
				ENABLE_PREVIEWS = YES;
				GENERATE_INFOPLIST_FILE = YES;
				INFOPLIST_KEY_UIApplicationSceneManifest_Generation = YES;
				INFOPLIST_KEY_UIApplicationSupportsIndirectInputEvents = YES;
				INFOPLIST_KEY_UILaunchScreen_Generation = YES;
				INFOPLIST_KEY_UISupportedInterfaceOrientations_iPad = "UIInterfaceOrientationPortrait UIInterfaceOrientationPortraitUpsideDown UIInterfaceOrientationLandscapeLeft UIInterfaceOrientationLandscapeRight";
				INFOPLIST_KEY_UISupportedInterfaceOrientations_iPhone = "UIInterfaceOrientationPortrait UIInterfaceOrientationLandscapeLeft UIInterfaceOrientationLandscapeRight";
				LD_RUNPATH_SEARCH_PATHS = (
					"$(inherited)",
					"@executable_path/Frameworks",
				);
				MARKETING_VERSION = 1.0;
				PRODUCT_BUNDLE_IDENTIFIER = dev.cjww.CleanSwiftUI;
				PRODUCT_NAME = "$(TARGET_NAME)";
				SWIFT_EMIT_LOC_STRINGS = YES;
				SWIFT_VERSION = 5.0;
				TARGETED_DEVICE_FAMILY = "1,2";
			};
			name = Debug;
		};
		FE87A2492AFCD62600DC3F47 /* Release */ = {
			isa = XCBuildConfiguration;
			buildSettings = {
				ASSETCATALOG_COMPILER_APPICON_NAME = AppIcon;
				ASSETCATALOG_COMPILER_GLOBAL_ACCENT_COLOR_NAME = AccentColor;
				CODE_SIGN_STYLE = Automatic;
				CURRENT_PROJECT_VERSION = 1;
				DEVELOPMENT_ASSET_PATHS = "\"CleanSwiftUI/Preview Content\"";
				DEVELOPMENT_TEAM = L7WK77VYXN;
				ENABLE_PREVIEWS = YES;
				GENERATE_INFOPLIST_FILE = YES;
				INFOPLIST_KEY_UIApplicationSceneManifest_Generation = YES;
				INFOPLIST_KEY_UIApplicationSupportsIndirectInputEvents = YES;
				INFOPLIST_KEY_UILaunchScreen_Generation = YES;
				INFOPLIST_KEY_UISupportedInterfaceOrientations_iPad = "UIInterfaceOrientationPortrait UIInterfaceOrientationPortraitUpsideDown UIInterfaceOrientationLandscapeLeft UIInterfaceOrientationLandscapeRight";
				INFOPLIST_KEY_UISupportedInterfaceOrientations_iPhone = "UIInterfaceOrientationPortrait UIInterfaceOrientationLandscapeLeft UIInterfaceOrientationLandscapeRight";
				LD_RUNPATH_SEARCH_PATHS = (
					"$(inherited)",
					"@executable_path/Frameworks",
				);
				MARKETING_VERSION = 1.0;
				PRODUCT_BUNDLE_IDENTIFIER = dev.cjww.CleanSwiftUI;
				PRODUCT_NAME = "$(TARGET_NAME)";
				SWIFT_EMIT_LOC_STRINGS = YES;
				SWIFT_VERSION = 5.0;
				TARGETED_DEVICE_FAMILY = "1,2";
			};
			name = Release;
		};
		FE87A24B2AFCD62600DC3F47 /* Debug */ = {
			isa = XCBuildConfiguration;
			buildSettings = {
				ALWAYS_EMBED_SWIFT_STANDARD_LIBRARIES = YES;
				BUNDLE_LOADER = "$(TEST_HOST)";
				CODE_SIGN_STYLE = Automatic;
				CURRENT_PROJECT_VERSION = 1;
				DEVELOPMENT_TEAM = L7WK77VYXN;
				GENERATE_INFOPLIST_FILE = YES;
				IPHONEOS_DEPLOYMENT_TARGET = 17.0;
				MARKETING_VERSION = 1.0;
				PRODUCT_BUNDLE_IDENTIFIER = dev.cjww.CleanSwiftUITests;
				PRODUCT_NAME = "$(TARGET_NAME)";
				SWIFT_EMIT_LOC_STRINGS = NO;
				SWIFT_VERSION = 5.0;
				TARGETED_DEVICE_FAMILY = "1,2";
				TEST_HOST = "$(BUILT_PRODUCTS_DIR)/CleanSwiftUI.app/$(BUNDLE_EXECUTABLE_FOLDER_PATH)/CleanSwiftUI";
			};
			name = Debug;
		};
		FE87A24C2AFCD62600DC3F47 /* Release */ = {
			isa = XCBuildConfiguration;
			buildSettings = {
				ALWAYS_EMBED_SWIFT_STANDARD_LIBRARIES = YES;
				BUNDLE_LOADER = "$(TEST_HOST)";
				CODE_SIGN_STYLE = Automatic;
				CURRENT_PROJECT_VERSION = 1;
				DEVELOPMENT_TEAM = L7WK77VYXN;
				GENERATE_INFOPLIST_FILE = YES;
				IPHONEOS_DEPLOYMENT_TARGET = 17.0;
				MARKETING_VERSION = 1.0;
				PRODUCT_BUNDLE_IDENTIFIER = dev.cjww.CleanSwiftUITests;
				PRODUCT_NAME = "$(TARGET_NAME)";
				SWIFT_EMIT_LOC_STRINGS = NO;
				SWIFT_VERSION = 5.0;
				TARGETED_DEVICE_FAMILY = "1,2";
				TEST_HOST = "$(BUILT_PRODUCTS_DIR)/CleanSwiftUI.app/$(BUNDLE_EXECUTABLE_FOLDER_PATH)/CleanSwiftUI";
			};
			name = Release;
		};
		FE87A24E2AFCD62600DC3F47 /* Debug */ = {
			isa = XCBuildConfiguration;
			buildSettings = {
				ALWAYS_EMBED_SWIFT_STANDARD_LIBRARIES = YES;
				CODE_SIGN_STYLE = Automatic;
				CURRENT_PROJECT_VERSION = 1;
				DEVELOPMENT_TEAM = L7WK77VYXN;
				GENERATE_INFOPLIST_FILE = YES;
				MARKETING_VERSION = 1.0;
				PRODUCT_BUNDLE_IDENTIFIER = dev.cjww.CleanSwiftUIUITests;
				PRODUCT_NAME = "$(TARGET_NAME)";
				SWIFT_EMIT_LOC_STRINGS = NO;
				SWIFT_VERSION = 5.0;
				TARGETED_DEVICE_FAMILY = "1,2";
				TEST_TARGET_NAME = CleanSwiftUI;
			};
			name = Debug;
		};
		FE87A24F2AFCD62600DC3F47 /* Release */ = {
			isa = XCBuildConfiguration;
			buildSettings = {
				ALWAYS_EMBED_SWIFT_STANDARD_LIBRARIES = YES;
				CODE_SIGN_STYLE = Automatic;
				CURRENT_PROJECT_VERSION = 1;
				DEVELOPMENT_TEAM = L7WK77VYXN;
				GENERATE_INFOPLIST_FILE = YES;
				MARKETING_VERSION = 1.0;
				PRODUCT_BUNDLE_IDENTIFIER = dev.cjww.CleanSwiftUIUITests;
				PRODUCT_NAME = "$(TARGET_NAME)";
				SWIFT_EMIT_LOC_STRINGS = NO;
				SWIFT_VERSION = 5.0;
				TARGETED_DEVICE_FAMILY = "1,2";
				TEST_TARGET_NAME = CleanSwiftUI;
			};
			name = Release;
		};
/* End XCBuildConfiguration section */

/* Begin XCConfigurationList section */
		FE87A21E2AFCD62400DC3F47 /* Build configuration list for PBXProject "CleanSwiftUI" */ = {
			isa = XCConfigurationList;
			buildConfigurations = (
				FE87A2452AFCD62600DC3F47 /* Debug */,
				FE87A2462AFCD62600DC3F47 /* Release */,
			);
			defaultConfigurationIsVisible = 0;
			defaultConfigurationName = Release;
		};
		FE87A2472AFCD62600DC3F47 /* Build configuration list for PBXNativeTarget "CleanSwiftUI" */ = {
			isa = XCConfigurationList;
			buildConfigurations = (
				FE87A2482AFCD62600DC3F47 /* Debug */,
				FE87A2492AFCD62600DC3F47 /* Release */,
			);
			defaultConfigurationIsVisible = 0;
			defaultConfigurationName = Release;
		};
		FE87A24A2AFCD62600DC3F47 /* Build configuration list for PBXNativeTarget "CleanSwiftUITests" */ = {
			isa = XCConfigurationList;
			buildConfigurations = (
				FE87A24B2AFCD62600DC3F47 /* Debug */,
				FE87A24C2AFCD62600DC3F47 /* Release */,
			);
			defaultConfigurationIsVisible = 0;
			defaultConfigurationName = Release;
		};
		FE87A24D2AFCD62600DC3F47 /* Build configuration list for PBXNativeTarget "CleanSwiftUIUITests" */ = {
			isa = XCConfigurationList;
			buildConfigurations = (
				FE87A24E2AFCD62600DC3F47 /* Debug */,
				FE87A24F2AFCD62600DC3F47 /* Release */,
			);
			defaultConfigurationIsVisible = 0;
			defaultConfigurationName = Release;
		};
/* End XCConfigurationList section */
	};
	rootObject = FE87A21B2AFCD62400DC3F47 /* Project object */;
}
